
Microsoft Visual Studio Solution File, Format Version 12.00
# Visual Studio Version 16
VisualStudioVersion = 16.0.33328.57
MinimumVisualStudioVersion = 10.0.40219.1
Project("{FAE04EC0-301F-11D3-BF4B-00C04F79EFBC}") = "Desarrollo de software", "Desarrollo de software\Desarrollo de software.csproj", "{264C2195-B1B1-4A48-A676-1F8786311A9C}"
EndProject
Global
	GlobalSection(SolutionConfigurationPlatforms) = preSolution
		Debug|Any CPU = Debug|Any CPU
		Release|Any CPU = Release|Any CPU
	EndGlobalSection
	GlobalSection(ProjectConfigurationPlatforms) = postSolution
		{264C2195-B1B1-4A48-A676-1F8786311A9C}.Debug|Any CPU.ActiveCfg = Debug|Any CPU
		{264C2195-B1B1-4A48-A676-1F8786311A9C}.Debug|Any CPU.Build.0 = Debug|Any CPU
		{264C2195-B1B1-4A48-A676-1F8786311A9C}.Release|Any CPU.ActiveCfg = Release|Any CPU
		{264C2195-B1B1-4A48-A676-1F8786311A9C}.Release|Any CPU.Build.0 = Release|Any CPU
	EndGlobalSection
	GlobalSection(SolutionProperties) = preSolution
		HideSolutionNode = FALSE
	EndGlobalSection
	GlobalSection(ExtensibilityGlobals) = postSolution
		SolutionGuid = {DC72CE09-56BF-4988-800A-628B1850ABA2}
	EndGlobalSection
EndGlobal
